
Microsoft Visual Studio Solution File, Format Version 12.00
# Visual Studio Version 17
VisualStudioVersion = 17.8.34511.84
MinimumVisualStudioVersion = 10.0.40219.1
Project("{9A19103F-16F7-4668-BE54-9A1E7A4F7556}") = "FormApp", "FormApp\FormApp.csproj", "{B69B9780-3D37-4EC7-B21E-5D0BA48CA832}"
EndProject
Global
	GlobalSection(SolutionConfigurationPlatforms) = preSolution
		Debug|Any CPU = Debug|Any CPU
		Release|Any CPU = Release|Any CPU
	EndGlobalSection
	GlobalSection(ProjectConfigurationPlatforms) = postSolution
		{B69B9780-3D37-4EC7-B21E-5D0BA48CA832}.Debug|Any CPU.ActiveCfg = Debug|Any CPU
		{B69B9780-3D37-4EC7-B21E-5D0BA48CA832}.Debug|Any CPU.Build.0 = Debug|Any CPU
		{B69B9780-3D37-4EC7-B21E-5D0BA48CA832}.Release|Any CPU.ActiveCfg = Release|Any CPU
		{B69B9780-3D37-4EC7-B21E-5D0BA48CA832}.Release|Any CPU.Build.0 = Release|Any CPU
	EndGlobalSection
	GlobalSection(SolutionProperties) = preSolution
		HideSolutionNode = FALSE
	EndGlobalSection
	GlobalSection(ExtensibilityGlobals) = postSolution
		SolutionGuid = {8072EE05-6867-4655-983C-32FACB7606BF}
	EndGlobalSection
EndGlobal
